
Microsoft Visual Studio Solution File, Format Version 12.00
# Visual Studio 15
VisualStudioVersion = 15.0.28010.2003
MinimumVisualStudioVersion = 10.0.40219.1
Project("{FAE04EC0-301F-11D3-BF4B-00C04F79EFBC}") = "TicketCombination", "TicketCombination\TicketCombination.csproj", "{C0732E6C-A395-4B75-8A13-C22F1389C487}"
EndProject
Global
	GlobalSection(SolutionConfigurationPlatforms) = preSolution
		Debug|Any CPU = Debug|Any CPU
		Release|Any CPU = Release|Any CPU
	EndGlobalSection
	GlobalSection(ProjectConfigurationPlatforms) = postSolution
		{C0732E6C-A395-4B75-8A13-C22F1389C487}.Debug|Any CPU.ActiveCfg = Debug|Any CPU
		{C0732E6C-A395-4B75-8A13-C22F1389C487}.Debug|Any CPU.Build.0 = Debug|Any CPU
		{C0732E6C-A395-4B75-8A13-C22F1389C487}.Release|Any CPU.ActiveCfg = Release|Any CPU
		{C0732E6C-A395-4B75-8A13-C22F1389C487}.Release|Any CPU.Build.0 = Release|Any CPU
	EndGlobalSection
	GlobalSection(SolutionProperties) = preSolution
		HideSolutionNode = FALSE
	EndGlobalSection
	GlobalSection(ExtensibilityGlobals) = postSolution
		SolutionGuid = {0BAB625D-08E1-487A-82F7-B65FB39B212B}
	EndGlobalSection
EndGlobal
